
Microsoft Visual Studio Solution File, Format Version 12.00
# Visual Studio Version 16
VisualStudioVersion = 16.0.30804.86
MinimumVisualStudioVersion = 10.0.40219.1
Project("{FAE04EC0-301F-11D3-BF4B-00C04F79EFBC}") = "SuperPuperOfigenniyBot", "SuperPuperOfigenniyBot\SuperPuperOfigenniyBot.csproj", "{B81A096D-7953-4F8C-AF79-602409E859EE}"
EndProject
Global
	GlobalSection(SolutionConfigurationPlatforms) = preSolution
		Debug|Any CPU = Debug|Any CPU
		Release|Any CPU = Release|Any CPU
	EndGlobalSection
	GlobalSection(ProjectConfigurationPlatforms) = postSolution
		{B81A096D-7953-4F8C-AF79-602409E859EE}.Debug|Any CPU.ActiveCfg = Debug|Any CPU
		{B81A096D-7953-4F8C-AF79-602409E859EE}.Debug|Any CPU.Build.0 = Debug|Any CPU
		{B81A096D-7953-4F8C-AF79-602409E859EE}.Release|Any CPU.ActiveCfg = Release|Any CPU
		{B81A096D-7953-4F8C-AF79-602409E859EE}.Release|Any CPU.Build.0 = Release|Any CPU
	EndGlobalSection
	GlobalSection(SolutionProperties) = preSolution
		HideSolutionNode = FALSE
	EndGlobalSection
	GlobalSection(ExtensibilityGlobals) = postSolution
		SolutionGuid = {82CBDB70-3DFD-4DE3-8F53-391F6B5663CD}
	EndGlobalSection
EndGlobal
